// !$*UTF8*$!
{
	archiveVersion = 1;
	classes = {
	};
	objectVersion = 50;
	objects = {

/* Begin PBXBuildFile section */
		981C3C3722C7831000BD6ACE /* DocumentInfoViewController.swift in Sources */ = {isa = PBXBuildFile; fileRef = 981C3C3622C7831000BD6ACE /* DocumentInfoViewController.swift */; };
		98FC5DE322C64D55004DD52C /* AppDelegate.swift in Sources */ = {isa = PBXBuildFile; fileRef = 98FC5DE222C64D55004DD52C /* AppDelegate.swift */; };
		98FC5DE522C64D55004DD52C /* DocumentBrowserViewController.swift in Sources */ = {isa = PBXBuildFile; fileRef = 98FC5DE422C64D55004DD52C /* DocumentBrowserViewController.swift */; };
		98FC5DE922C64D55004DD52C /* EmojiArtDocument.swift in Sources */ = {isa = PBXBuildFile; fileRef = 98FC5DE822C64D55004DD52C /* EmojiArtDocument.swift */; };
		98FC5DEC22C64D55004DD52C /* Main.storyboard in Resources */ = {isa = PBXBuildFile; fileRef = 98FC5DEA22C64D55004DD52C /* Main.storyboard */; };
		98FC5DEE22C64D56004DD52C /* Assets.xcassets in Resources */ = {isa = PBXBuildFile; fileRef = 98FC5DED22C64D56004DD52C /* Assets.xcassets */; };
		98FC5DF122C64D56004DD52C /* LaunchScreen.storyboard in Resources */ = {isa = PBXBuildFile; fileRef = 98FC5DEF22C64D56004DD52C /* LaunchScreen.storyboard */; };
		98FC5E0122C64F82004DD52C /* EmojiGesture.swift in Sources */ = {isa = PBXBuildFile; fileRef = 98FC5DF922C64F81004DD52C /* EmojiGesture.swift */; };
		98FC5E0222C64F82004DD52C /* EmojiArt.swift in Sources */ = {isa = PBXBuildFile; fileRef = 98FC5DFA22C64F81004DD52C /* EmojiArt.swift */; };
		98FC5E0322C64F82004DD52C /* EmojiArtView.swift in Sources */ = {isa = PBXBuildFile; fileRef = 98FC5DFB22C64F81004DD52C /* EmojiArtView.swift */; };
		98FC5E0422C64F82004DD52C /* EmojiCollectionViewCell.swift in Sources */ = {isa = PBXBuildFile; fileRef = 98FC5DFC22C64F81004DD52C /* EmojiCollectionViewCell.swift */; };
		98FC5E0522C64F82004DD52C /* EmojiArtDocumentTableViewController.swift in Sources */ = {isa = PBXBuildFile; fileRef = 98FC5DFD22C64F82004DD52C /* EmojiArtDocumentTableViewController.swift */; };
		98FC5E0622C64F82004DD52C /* EmojiArtViewController.swift in Sources */ = {isa = PBXBuildFile; fileRef = 98FC5DFE22C64F82004DD52C /* EmojiArtViewController.swift */; };
		98FC5E0722C64F82004DD52C /* TextFieldCollectionViewCell.swift in Sources */ = {isa = PBXBuildFile; fileRef = 98FC5DFF22C64F82004DD52C /* TextFieldCollectionViewCell.swift */; };
		98FC5E0822C64F82004DD52C /* Utilities.swift in Sources */ = {isa = PBXBuildFile; fileRef = 98FC5E0022C64F82004DD52C /* Utilities.swift */; };
/* End PBXBuildFile section */

/* Begin PBXFileReference section */
		981C3C3622C7831000BD6ACE /* DocumentInfoViewController.swift */ = {isa = PBXFileReference; lastKnownFileType = sourcecode.swift; path = DocumentInfoViewController.swift; sourceTree = "<group>"; };
		98FC5DDF22C64D55004DD52C /* EmojiArt.app */ = {isa = PBXFileReference; explicitFileType = wrapper.application; includeInIndex = 0; path = EmojiArt.app; sourceTree = BUILT_PRODUCTS_DIR; };
		98FC5DE222C64D55004DD52C /* AppDelegate.swift */ = {isa = PBXFileReference; lastKnownFileType = sourcecode.swift; path = AppDelegate.swift; sourceTree = "<group>"; };
		98FC5DE422C64D55004DD52C /* DocumentBrowserViewController.swift */ = {isa = PBXFileReference; lastKnownFileType = sourcecode.swift; path = DocumentBrowserViewController.swift; sourceTree = "<group>"; };
		98FC5DE822C64D55004DD52C /* EmojiArtDocument.swift */ = {isa = PBXFileReference; lastKnownFileType = sourcecode.swift; path = EmojiArtDocument.swift; sourceTree = "<group>"; };
		98FC5DEB22C64D55004DD52C /* Base */ = {isa = PBXFileReference; lastKnownFileType = file.storyboard; name = Base; path = Base.lproj/Main.storyboard; sourceTree = "<group>"; };
		98FC5DED22C64D56004DD52C /* Assets.xcassets */ = {isa = PBXFileReference; lastKnownFileType = folder.assetcatalog; path = Assets.xcassets; sourceTree = "<group>"; };
		98FC5DF022C64D56004DD52C /* Base */ = {isa = PBXFileReference; lastKnownFileType = file.storyboard; name = Base; path = Base.lproj/LaunchScreen.storyboard; sourceTree = "<group>"; };
		98FC5DF222C64D56004DD52C /* Info.plist */ = {isa = PBXFileReference; lastKnownFileType = text.plist.xml; path = Info.plist; sourceTree = "<group>"; };
		98FC5DF922C64F81004DD52C /* EmojiGesture.swift */ = {isa = PBXFileReference; fileEncoding = 4; lastKnownFileType = sourcecode.swift; name = EmojiGesture.swift; path = "../../EmojiArt-Old/EmojiArt/EmojiGesture.swift"; sourceTree = "<group>"; };
		98FC5DFA22C64F81004DD52C /* EmojiArt.swift */ = {isa = PBXFileReference; fileEncoding = 4; lastKnownFileType = sourcecode.swift; name = EmojiArt.swift; path = "../../EmojiArt-Old/EmojiArt/EmojiArt.swift"; sourceTree = "<group>"; };
		98FC5DFB22C64F81004DD52C /* EmojiArtView.swift */ = {isa = PBXFileReference; fileEncoding = 4; lastKnownFileType = sourcecode.swift; name = EmojiArtView.swift; path = "../../EmojiArt-Old/EmojiArt/EmojiArtView.swift"; sourceTree = "<group>"; };
		98FC5DFC22C64F81004DD52C /* EmojiCollectionViewCell.swift */ = {isa = PBXFileReference; fileEncoding = 4; lastKnownFileType = sourcecode.swift; name = EmojiCollectionViewCell.swift; path = "../../EmojiArt-Old/EmojiArt/EmojiCollectionViewCell.swift"; sourceTree = "<group>"; };
		98FC5DFD22C64F82004DD52C /* EmojiArtDocumentTableViewController.swift */ = {isa = PBXFileReference; fileEncoding = 4; lastKnownFileType = sourcecode.swift; name = EmojiArtDocumentTableViewController.swift; path = "../../EmojiArt-Old/EmojiArt/EmojiArtDocumentTableViewController.swift"; sourceTree = "<group>"; };
		98FC5DFE22C64F82004DD52C /* EmojiArtViewController.swift */ = {isa = PBXFileReference; fileEncoding = 4; lastKnownFileType = sourcecode.swift; name = EmojiArtViewController.swift; path = "../../EmojiArt-Old/EmojiArt/EmojiArtViewController.swift"; sourceTree = "<group>"; };
		98FC5DFF22C64F82004DD52C /* TextFieldCollectionViewCell.swift */ = {isa = PBXFileReference; fileEncoding = 4; lastKnownFileType = sourcecode.swift; name = TextFieldCollectionViewCell.swift; path = "../../EmojiArt-Old/EmojiArt/TextFieldCollectionViewCell.swift"; sourceTree = "<group>"; };
		98FC5E0022C64F82004DD52C /* Utilities.swift */ = {isa = PBXFileReference; fileEncoding = 4; lastKnownFileType = sourcecode.swift; name = Utilities.swift; path = "../../EmojiArt-Old/EmojiArt/Utilities.swift"; sourceTree = "<group>"; };
/* End PBXFileReference section */

/* Begin PBXFrameworksBuildPhase section */
		98FC5DDC22C64D55004DD52C /* Frameworks */ = {
			isa = PBXFrameworksBuildPhase;
			buildActionMask = 2147483647;
			files = (
			);
			runOnlyForDeploymentPostprocessing = 0;
		};
/* End PBXFrameworksBuildPhase section */

/* Begin PBXGroup section */
		98FC5DD622C64D55004DD52C = {
			isa = PBXGroup;
			children = (
				98FC5DE122C64D55004DD52C /* EmojiArt */,
				98FC5DE022C64D55004DD52C /* Products */,
			);
			sourceTree = "<group>";
		};
		98FC5DE022C64D55004DD52C /* Products */ = {
			isa = PBXGroup;
			children = (
				98FC5DDF22C64D55004DD52C /* EmojiArt.app */,
			);
			name = Products;
			sourceTree = "<group>";
		};
		98FC5DE122C64D55004DD52C /* EmojiArt */ = {
			isa = PBXGroup;
			children = (
				98FC5DF822C64D7A004DD52C /* Supporting Files */,
				98FC5DE422C64D55004DD52C /* DocumentBrowserViewController.swift */,
				98FC5DE822C64D55004DD52C /* EmojiArtDocument.swift */,
				98FC5DEA22C64D55004DD52C /* Main.storyboard */,
				981C3C3622C7831000BD6ACE /* DocumentInfoViewController.swift */,
				98FC5DFA22C64F81004DD52C /* EmojiArt.swift */,
				98FC5DFD22C64F82004DD52C /* EmojiArtDocumentTableViewController.swift */,
				98FC5DFB22C64F81004DD52C /* EmojiArtView.swift */,
				98FC5DFE22C64F82004DD52C /* EmojiArtViewController.swift */,
				98FC5DFC22C64F81004DD52C /* EmojiCollectionViewCell.swift */,
				98FC5DF922C64F81004DD52C /* EmojiGesture.swift */,
				98FC5DFF22C64F82004DD52C /* TextFieldCollectionViewCell.swift */,
				98FC5E0022C64F82004DD52C /* Utilities.swift */,
				98FC5DF222C64D56004DD52C /* Info.plist */,
			);
			path = EmojiArt;
			sourceTree = "<group>";
		};
		98FC5DF822C64D7A004DD52C /* Supporting Files */ = {
			isa = PBXGroup;
			children = (
				98FC5DE222C64D55004DD52C /* AppDelegate.swift */,
				98FC5DED22C64D56004DD52C /* Assets.xcassets */,
				98FC5DEF22C64D56004DD52C /* LaunchScreen.storyboard */,
			);
			path = "Supporting Files";
			sourceTree = "<group>";
		};
/* End PBXGroup section */

/* Begin PBXNativeTarget section */
		98FC5DDE22C64D55004DD52C /* EmojiArt */ = {
			isa = PBXNativeTarget;
			buildConfigurationList = 98FC5DF522C64D56004DD52C /* Build configuration list for PBXNativeTarget "EmojiArt" */;
			buildPhases = (
				98FC5DDB22C64D55004DD52C /* Sources */,
				98FC5DDC22C64D55004DD52C /* Frameworks */,
				98FC5DDD22C64D55004DD52C /* Resources */,
			);
			buildRules = (
			);
			dependencies = (
			);
			name = EmojiArt;
			productName = EmojiArt;
			productReference = 98FC5DDF22C64D55004DD52C /* EmojiArt.app */;
			productType = "com.apple.product-type.application";
		};
/* End PBXNativeTarget section */

/* Begin PBXProject section */
		98FC5DD722C64D55004DD52C /* Project object */ = {
			isa = PBXProject;
			attributes = {
				LastSwiftUpdateCheck = 0940;
				LastUpgradeCheck = 0940;
				ORGANIZATIONNAME = mingkai;
				TargetAttributes = {
					98FC5DDE22C64D55004DD52C = {
						CreatedOnToolsVersion = 9.4;
					};
				};
			};
			buildConfigurationList = 98FC5DDA22C64D55004DD52C /* Build configuration list for PBXProject "EmojiArt" */;
			compatibilityVersion = "Xcode 9.3";
			developmentRegion = en;
			hasScannedForEncodings = 0;
			knownRegions = (
				en,
				Base,
			);
			mainGroup = 98FC5DD622C64D55004DD52C;
			productRefGroup = 98FC5DE022C64D55004DD52C /* Products */;
			projectDirPath = "";
			projectRoot = "";
			targets = (
				98FC5DDE22C64D55004DD52C /* EmojiArt */,
			);
		};
/* End PBXProject section */

/* Begin PBXResourcesBuildPhase section */
		98FC5DDD22C64D55004DD52C /* Resources */ = {
			isa = PBXResourcesBuildPhase;
			buildActionMask = 2147483647;
			files = (
				98FC5DF122C64D56004DD52C /* LaunchScreen.storyboard in Resources */,
				98FC5DEE22C64D56004DD52C /* Assets.xcassets in Resources */,
				98FC5DEC22C64D55004DD52C /* Main.storyboard in Resources */,
			);
			runOnlyForDeploymentPostprocessing = 0;
		};
/* End PBXResourcesBuildPhase section */

/* Begin PBXSourcesBuildPhase section */
		98FC5DDB22C64D55004DD52C /* Sources */ = {
			isa = PBXSourcesBuildPhase;
			buildActionMask = 2147483647;
			files = (
				98FC5E0422C64F82004DD52C /* EmojiCollectionViewCell.swift in Sources */,
				98FC5E0622C64F82004DD52C /* EmojiArtViewController.swift in Sources */,
				98FC5E0822C64F82004DD52C /* Utilities.swift in Sources */,
				98FC5E0122C64F82004DD52C /* EmojiGesture.swift in Sources */,
				98FC5DE922C64D55004DD52C /* EmojiArtDocument.swift in Sources */,
				98FC5E0222C64F82004DD52C /* EmojiArt.swift in Sources */,
				98FC5DE522C64D55004DD52C /* DocumentBrowserViewController.swift in Sources */,
				98FC5E0522C64F82004DD52C /* EmojiArtDocumentTableViewController.swift in Sources */,
				98FC5DE322C64D55004DD52C /* AppDelegate.swift in Sources */,
				98FC5E0722C64F82004DD52C /* TextFieldCollectionViewCell.swift in Sources */,
				981C3C3722C7831000BD6ACE /* DocumentInfoViewController.swift in Sources */,
				98FC5E0322C64F82004DD52C /* EmojiArtView.swift in Sources */,
			);
			runOnlyForDeploymentPostprocessing = 0;
		};
/* End PBXSourcesBuildPhase section */

/* Begin PBXVariantGroup section */
		98FC5DEA22C64D55004DD52C /* Main.storyboard */ = {
			isa = PBXVariantGroup;
			children = (
				98FC5DEB22C64D55004DD52C /* Base */,
			);
			name = Main.storyboard;
			sourceTree = "<group>";
		};
		98FC5DEF22C64D56004DD52C /* LaunchScreen.storyboard */ = {
			isa = PBXVariantGroup;
			children = (
				98FC5DF022C64D56004DD52C /* Base */,
			);
			name = LaunchScreen.storyboard;
			sourceTree = "<group>";
		};
/* End PBXVariantGroup section */

/* Begin XCBuildConfiguration section */
		98FC5DF322C64D56004DD52C /* Debug */ = {
			isa = XCBuildConfiguration;
			buildSettings = {
				ALWAYS_SEARCH_USER_PATHS = NO;
				CLANG_ANALYZER_NONNULL = YES;
				CLANG_ANALYZER_NUMBER_OBJECT_CONVERSION = YES_AGGRESSIVE;
				CLANG_CXX_LANGUAGE_STANDARD = "gnu++14";
				CLANG_CXX_LIBRARY = "libc++";
				CLANG_ENABLE_MODULES = YES;
				CLANG_ENABLE_OBJC_ARC = YES;
				CLANG_ENABLE_OBJC_WEAK = YES;
				CLANG_WARN_BLOCK_CAPTURE_AUTORELEASING = YES;
				CLANG_WARN_BOOL_CONVERSION = YES;
				CLANG_WARN_COMMA = YES;
				CLANG_WARN_CONSTANT_CONVERSION = YES;
				CLANG_WARN_DEPRECATED_OBJC_IMPLEMENTATIONS = YES;
				CLANG_WARN_DIRECT_OBJC_ISA_USAGE = YES_ERROR;
				CLANG_WARN_DOCUMENTATION_COMMENTS = YES;
				CLANG_WARN_EMPTY_BODY = YES;
				CLANG_WARN_ENUM_CONVERSION = YES;
				CLANG_WARN_INFINITE_RECURSION = YES;
				CLANG_WARN_INT_CONVERSION = YES;
				CLANG_WARN_NON_LITERAL_NULL_CONVERSION = YES;
				CLANG_WARN_OBJC_IMPLICIT_RETAIN_SELF = YES;
				CLANG_WARN_OBJC_LITERAL_CONVERSION = YES;
				CLANG_WARN_OBJC_ROOT_CLASS = YES_ERROR;
				CLANG_WARN_RANGE_LOOP_ANALYSIS = YES;
				CLANG_WARN_STRICT_PROTOTYPES = YES;
				CLANG_WARN_SUSPICIOUS_MOVE = YES;
				CLANG_WARN_UNGUARDED_AVAILABILITY = YES_AGGRESSIVE;
				CLANG_WARN_UNREACHABLE_CODE = YES;
				CLANG_WARN__DUPLICATE_METHOD_MATCH = YES;
				CODE_SIGN_IDENTITY = "iPhone Developer";
				COPY_PHASE_STRIP = NO;
				DEBUG_INFORMATION_FORMAT = dwarf;
				ENABLE_STRICT_OBJC_MSGSEND = YES;
				ENABLE_TESTABILITY = YES;
				GCC_C_LANGUAGE_STANDARD = gnu11;
				GCC_DYNAMIC_NO_PIC = NO;
				GCC_NO_COMMON_BLOCKS = YES;
				GCC_OPTIMIZATION_LEVEL = 0;
				GCC_PREPROCESSOR_DEFINITIONS = (
					"DEBUG=1",
					"$(inherited)",
				);
				GCC_WARN_64_TO_32_BIT_CONVERSION = YES;
				GCC_WARN_ABOUT_RETURN_TYPE = YES_ERROR;
				GCC_WARN_UNDECLARED_SELECTOR = YES;
				GCC_WARN_UNINITIALIZED_AUTOS = YES_AGGRESSIVE;
				GCC_WARN_UNUSED_FUNCTION = YES;
				GCC_WARN_UNUSED_VARIABLE = YES;
				IPHONEOS_DEPLOYMENT_TARGET = 11.4;
				MTL_ENABLE_DEBUG_INFO = YES;
				ONLY_ACTIVE_ARCH = YES;
				SDKROOT = iphoneos;
				SWIFT_ACTIVE_COMPILATION_CONDITIONS = DEBUG;
				SWIFT_OPTIMIZATION_LEVEL = "-Onone";
			};
			name = Debug;
		};
		98FC5DF422C64D56004DD52C /* Release */ = {
			isa = XCBuildConfiguration;
			buildSettings = {
				ALWAYS_SEARCH_USER_PATHS = NO;
				CLANG_ANALYZER_NONNULL = YES;
				CLANG_ANALYZER_NUMBER_OBJECT_CONVERSION = YES_AGGRESSIVE;
				CLANG_CXX_LANGUAGE_STANDARD = "gnu++14";
				CLANG_CXX_LIBRARY = "libc++";
				CLANG_ENABLE_MODULES = YES;
				CLANG_ENABLE_OBJC_ARC = YES;
				CLANG_ENABLE_OBJC_WEAK = YES;
				CLANG_WARN_BLOCK_CAPTURE_AUTORELEASING = YES;
				CLANG_WARN_BOOL_CONVERSION = YES;
				CLANG_WARN_COMMA = YES;
				CLANG_WARN_CONSTANT_CONVERSION = YES;
				CLANG_WARN_DEPRECATED_OBJC_IMPLEMENTATIONS = YES;
				CLANG_WARN_DIRECT_OBJC_ISA_USAGE = YES_ERROR;
				CLANG_WARN_DOCUMENTATION_COMMENTS = YES;
				CLANG_WARN_EMPTY_BODY = YES;
				CLANG_WARN_ENUM_CONVERSION = YES;
				CLANG_WARN_INFINITE_RECURSION = YES;
				CLANG_WARN_INT_CONVERSION = YES;
				CLANG_WARN_NON_LITERAL_NULL_CONVERSION = YES;
				CLANG_WARN_OBJC_IMPLICIT_RETAIN_SELF = YES;
				CLANG_WARN_OBJC_LITERAL_CONVERSION = YES;
				CLANG_WARN_OBJC_ROOT_CLASS = YES_ERROR;
				CLANG_WARN_RANGE_LOOP_ANALYSIS = YES;
				CLANG_WARN_STRICT_PROTOTYPES = YES;
				CLANG_WARN_SUSPICIOUS_MOVE = YES;
				CLANG_WARN_UNGUARDED_AVAILABILITY = YES_AGGRESSIVE;
				CLANG_WARN_UNREACHABLE_CODE = YES;
				CLANG_WARN__DUPLICATE_METHOD_MATCH = YES;
				CODE_SIGN_IDENTITY = "iPhone Developer";
				COPY_PHASE_STRIP = NO;
				DEBUG_INFORMATION_FORMAT = "dwarf-with-dsym";
				ENABLE_NS_ASSERTIONS = NO;
				ENABLE_STRICT_OBJC_MSGSEND = YES;
				GCC_C_LANGUAGE_STANDARD = gnu11;
				GCC_NO_COMMON_BLOCKS = YES;
				GCC_WARN_64_TO_32_BIT_CONVERSION = YES;
				GCC_WARN_ABOUT_RETURN_TYPE = YES_ERROR;
				GCC_WARN_UNDECLARED_SELECTOR = YES;
				GCC_WARN_UNINITIALIZED_AUTOS = YES_AGGRESSIVE;
				GCC_WARN_UNUSED_FUNCTION = YES;
				GCC_WARN_UNUSED_VARIABLE = YES;
				IPHONEOS_DEPLOYMENT_TARGET = 11.4;
				MTL_ENABLE_DEBUG_INFO = NO;
				SDKROOT = iphoneos;
				SWIFT_COMPILATION_MODE = wholemodule;
				SWIFT_OPTIMIZATION_LEVEL = "-O";
				VALIDATE_PRODUCT = YES;
			};
			name = Release;
		};
		98FC5DF622C64D56004DD52C /* Debug */ = {
			isa = XCBuildConfiguration;
			buildSettings = {
				ASSETCATALOG_COMPILER_APPICON_NAME = AppIcon;
				CODE_SIGN_STYLE = Automatic;
				INFOPLIST_FILE = EmojiArt/Info.plist;
				LD_RUNPATH_SEARCH_PATHS = (
					"$(inherited)",
					"@executable_path/Frameworks",
				);
				PRODUCT_BUNDLE_IDENTIFIER = cc.mikezhang.EmojiArt;
				PRODUCT_NAME = "$(TARGET_NAME)";
				SWIFT_VERSION = 4.0;
				TARGETED_DEVICE_FAMILY = "1,2";
			};
			name = Debug;
		};
		98FC5DF722C64D56004DD52C /* Release */ = {
			isa = XCBuildConfiguration;
			buildSettings = {
				ASSETCATALOG_COMPILER_APPICON_NAME = AppIcon;
				CODE_SIGN_STYLE = Automatic;
				INFOPLIST_FILE = EmojiArt/Info.plist;
				LD_RUNPATH_SEARCH_PATHS = (
					"$(inherited)",
					"@executable_path/Frameworks",
				);
				PRODUCT_BUNDLE_IDENTIFIER = cc.mikezhang.EmojiArt;
				PRODUCT_NAME = "$(TARGET_NAME)";
				SWIFT_VERSION = 4.0;
				TARGETED_DEVICE_FAMILY = "1,2";
			};
			name = Release;
		};
/* End XCBuildConfiguration section */

/* Begin XCConfigurationList section */
		98FC5DDA22C64D55004DD52C /* Build configuration list for PBXProject "EmojiArt" */ = {
			isa = XCConfigurationList;
			buildConfigurations = (
				98FC5DF322C64D56004DD52C /* Debug */,
				98FC5DF422C64D56004DD52C /* Release */,
			);
			defaultConfigurationIsVisible = 0;
			defaultConfigurationName = Release;
		};
		98FC5DF522C64D56004DD52C /* Build configuration list for PBXNativeTarget "EmojiArt" */ = {
			isa = XCConfigurationList;
			buildConfigurations = (
				98FC5DF622C64D56004DD52C /* Debug */,
				98FC5DF722C64D56004DD52C /* Release */,
			);
			defaultConfigurationIsVisible = 0;
			defaultConfigurationName = Release;
		};
/* End XCConfigurationList section */
	};
	rootObject = 98FC5DD722C64D55004DD52C /* Project object */;
}
