// !$*UTF8*$!
{
	archiveVersion = 1;
	classes = {
	};
	objectVersion = 50;
	objects = {

/* Begin PBXBuildFile section */
		EB7A35A1229978C1004FEC0E /* AppDelegate.swift in Sources */ = {isa = PBXBuildFile; fileRef = EB7A35A0229978C1004FEC0E /* AppDelegate.swift */; };
		EB7A35A6229978C1004FEC0E /* Main.storyboard in Resources */ = {isa = PBXBuildFile; fileRef = EB7A35A4229978C1004FEC0E /* Main.storyboard */; };
		EB7A35A8229978C3004FEC0E /* Assets.xcassets in Resources */ = {isa = PBXBuildFile; fileRef = EB7A35A7229978C3004FEC0E /* Assets.xcassets */; };
		EB7A35AB229978C3004FEC0E /* LaunchScreen.storyboard in Resources */ = {isa = PBXBuildFile; fileRef = EB7A35A9229978C3004FEC0E /* LaunchScreen.storyboard */; };
		EB7A35B42299794B004FEC0E /* TweetTableViewController.swift in Sources */ = {isa = PBXBuildFile; fileRef = EB7A35B32299794B004FEC0E /* TweetTableViewController.swift */; };
		EB7A35CA229A28A2004FEC0E /* TweetTableViewCell.swift in Sources */ = {isa = PBXBuildFile; fileRef = EB7A35C9229A28A2004FEC0E /* TweetTableViewCell.swift */; };
/* End PBXBuildFile section */

/* Begin PBXFileReference section */
		6B7DC8D8DC2332560750F7EB /* Pods_Smashtag.framework */ = {isa = PBXFileReference; explicitFileType = wrapper.framework; includeInIndex = 0; path = Pods_Smashtag.framework; sourceTree = BUILT_PRODUCTS_DIR; };
		6DB00B75D3517432C6D8E137 /* Pods-Smashtag.release.xcconfig */ = {isa = PBXFileReference; includeInIndex = 1; lastKnownFileType = text.xcconfig; name = "Pods-Smashtag.release.xcconfig"; path = "Target Support Files/Pods-Smashtag/Pods-Smashtag.release.xcconfig"; sourceTree = "<group>"; };
		A213B20ECFC46838EF4E131C /* Pods-Smashtag.debug.xcconfig */ = {isa = PBXFileReference; includeInIndex = 1; lastKnownFileType = text.xcconfig; name = "Pods-Smashtag.debug.xcconfig"; path = "Target Support Files/Pods-Smashtag/Pods-Smashtag.debug.xcconfig"; sourceTree = "<group>"; };
		EB7A359D229978C1004FEC0E /* Smashtag.app */ = {isa = PBXFileReference; explicitFileType = wrapper.application; includeInIndex = 0; path = Smashtag.app; sourceTree = BUILT_PRODUCTS_DIR; };
		EB7A35A0229978C1004FEC0E /* AppDelegate.swift */ = {isa = PBXFileReference; lastKnownFileType = sourcecode.swift; path = AppDelegate.swift; sourceTree = "<group>"; };
		EB7A35A5229978C1004FEC0E /* Base */ = {isa = PBXFileReference; lastKnownFileType = file.storyboard; name = Base; path = Base.lproj/Main.storyboard; sourceTree = "<group>"; };
		EB7A35A7229978C3004FEC0E /* Assets.xcassets */ = {isa = PBXFileReference; lastKnownFileType = folder.assetcatalog; path = Assets.xcassets; sourceTree = "<group>"; };
		EB7A35AA229978C3004FEC0E /* Base */ = {isa = PBXFileReference; lastKnownFileType = file.storyboard; name = Base; path = Base.lproj/LaunchScreen.storyboard; sourceTree = "<group>"; };
		EB7A35AC229978C3004FEC0E /* Info.plist */ = {isa = PBXFileReference; lastKnownFileType = text.plist.xml; path = Info.plist; sourceTree = "<group>"; };
		EB7A35B32299794B004FEC0E /* TweetTableViewController.swift */ = {isa = PBXFileReference; lastKnownFileType = sourcecode.swift; path = TweetTableViewController.swift; sourceTree = "<group>"; };
		EB7A35C9229A28A2004FEC0E /* TweetTableViewCell.swift */ = {isa = PBXFileReference; lastKnownFileType = sourcecode.swift; path = TweetTableViewCell.swift; sourceTree = "<group>"; };
		EBA1A76D229B629800E823C7 /* TwitterCore.framework */ = {isa = PBXFileReference; lastKnownFileType = wrapper.framework; name = TwitterCore.framework; path = "/Users/minkaizhang/Documents/ios开发/stanfort-ios-course/../../../Downloads/Twitter-Kit-iOS/TwitterCore.framework"; sourceTree = "<absolute>"; };
		EBA1A76F229B629800E823C7 /* TwitterKit.framework */ = {isa = PBXFileReference; lastKnownFileType = wrapper.framework; name = TwitterKit.framework; path = "/Users/minkaizhang/Documents/ios开发/stanfort-ios-course/../../../Downloads/Twitter-Kit-iOS/TwitterKit.framework"; sourceTree = "<absolute>"; };
/* End PBXFileReference section */

/* Begin PBXFrameworksBuildPhase section */
		EB7A359A229978C1004FEC0E /* Frameworks */ = {
			isa = PBXFrameworksBuildPhase;
			buildActionMask = 2147483647;
			files = (
			);
			runOnlyForDeploymentPostprocessing = 0;
		};
/* End PBXFrameworksBuildPhase section */

/* Begin PBXGroup section */
		230719605DD66CDF48F73D5B /* Pods */ = {
			isa = PBXGroup;
			children = (
				A213B20ECFC46838EF4E131C /* Pods-Smashtag.debug.xcconfig */,
				6DB00B75D3517432C6D8E137 /* Pods-Smashtag.release.xcconfig */,
			);
			path = Pods;
			sourceTree = "<group>";
		};
		EB7A3594229978C1004FEC0E = {
			isa = PBXGroup;
			children = (
				EB7A359F229978C1004FEC0E /* Smashtag */,
				EB7A359E229978C1004FEC0E /* Products */,
				EBA1A76C229B629800E823C7 /* Frameworks */,
				230719605DD66CDF48F73D5B /* Pods */,
			);
			sourceTree = "<group>";
		};
		EB7A359E229978C1004FEC0E /* Products */ = {
			isa = PBXGroup;
			children = (
				EB7A359D229978C1004FEC0E /* Smashtag.app */,
			);
			name = Products;
			sourceTree = "<group>";
		};
		EB7A359F229978C1004FEC0E /* Smashtag */ = {
			isa = PBXGroup;
			children = (
				EB7A35B2229978F3004FEC0E /* Supporting Files */,
				EB7A35A4229978C1004FEC0E /* Main.storyboard */,
				EB7A35AC229978C3004FEC0E /* Info.plist */,
				EB7A35B32299794B004FEC0E /* TweetTableViewController.swift */,
				EB7A35C9229A28A2004FEC0E /* TweetTableViewCell.swift */,
			);
			path = Smashtag;
			sourceTree = "<group>";
		};
		EB7A35B2229978F3004FEC0E /* Supporting Files */ = {
			isa = PBXGroup;
			children = (
				EB7A35A0229978C1004FEC0E /* AppDelegate.swift */,
				EB7A35A7229978C3004FEC0E /* Assets.xcassets */,
				EB7A35A9229978C3004FEC0E /* LaunchScreen.storyboard */,
			);
			path = "Supporting Files";
			sourceTree = "<group>";
		};
		EBA1A76C229B629800E823C7 /* Frameworks */ = {
			isa = PBXGroup;
			children = (
				EBA1A76D229B629800E823C7 /* TwitterCore.framework */,
				EBA1A76F229B629800E823C7 /* TwitterKit.framework */,
				6B7DC8D8DC2332560750F7EB /* Pods_Smashtag.framework */,
			);
			name = Frameworks;
			sourceTree = "<group>";
		};
/* End PBXGroup section */

/* Begin PBXNativeTarget section */
		EB7A359C229978C1004FEC0E /* Smashtag */ = {
			isa = PBXNativeTarget;
			buildConfigurationList = EB7A35AF229978C3004FEC0E /* Build configuration list for PBXNativeTarget "Smashtag" */;
			buildPhases = (
				D684F80B228F6D916E60D45C /* [CP] Check Pods Manifest.lock */,
				EB7A3599229978C1004FEC0E /* Sources */,
				EB7A359A229978C1004FEC0E /* Frameworks */,
				EB7A359B229978C1004FEC0E /* Resources */,
				1FFE08A9C38B25CF904BCAC4 /* [CP] Embed Pods Frameworks */,
				7A83BF0AD93D22D7A16E8CFD /* [CP] Copy Pods Resources */,
			);
			buildRules = (
			);
			dependencies = (
			);
			name = Smashtag;
			productName = Smashtag;
			productReference = EB7A359D229978C1004FEC0E /* Smashtag.app */;
			productType = "com.apple.product-type.application";
		};
/* End PBXNativeTarget section */

/* Begin PBXProject section */
		EB7A3595229978C1004FEC0E /* Project object */ = {
			isa = PBXProject;
			attributes = {
				LastSwiftUpdateCheck = 1020;
				LastUpgradeCheck = 1020;
				ORGANIZATIONNAME = "明凯张";
				TargetAttributes = {
					EB7A359C229978C1004FEC0E = {
						CreatedOnToolsVersion = 10.2.1;
					};
				};
			};
			buildConfigurationList = EB7A3598229978C1004FEC0E /* Build configuration list for PBXProject "Smashtag" */;
			compatibilityVersion = "Xcode 9.3";
			developmentRegion = en;
			hasScannedForEncodings = 0;
			knownRegions = (
				en,
				Base,
			);
			mainGroup = EB7A3594229978C1004FEC0E;
			productRefGroup = EB7A359E229978C1004FEC0E /* Products */;
			projectDirPath = "";
			projectRoot = "";
			targets = (
				EB7A359C229978C1004FEC0E /* Smashtag */,
			);
		};
/* End PBXProject section */

/* Begin PBXResourcesBuildPhase section */
		EB7A359B229978C1004FEC0E /* Resources */ = {
			isa = PBXResourcesBuildPhase;
			buildActionMask = 2147483647;
			files = (
				EB7A35AB229978C3004FEC0E /* LaunchScreen.storyboard in Resources */,
				EB7A35A8229978C3004FEC0E /* Assets.xcassets in Resources */,
				EB7A35A6229978C1004FEC0E /* Main.storyboard in Resources */,
			);
			runOnlyForDeploymentPostprocessing = 0;
		};
/* End PBXResourcesBuildPhase section */

/* Begin PBXShellScriptBuildPhase section */
		1FFE08A9C38B25CF904BCAC4 /* [CP] Embed Pods Frameworks */ = {
			isa = PBXShellScriptBuildPhase;
			buildActionMask = 2147483647;
			files = (
			);
			inputFileListPaths = (
			);
			inputPaths = (
				"${PODS_ROOT}/Target Support Files/Pods-Smashtag/Pods-Smashtag-frameworks.sh",
				"${PODS_ROOT}/TwitterCore/iOS/TwitterCore.framework",
				"${PODS_ROOT}/TwitterKit/iOS/TwitterKit.framework",
			);
			name = "[CP] Embed Pods Frameworks";
			outputFileListPaths = (
			);
			outputPaths = (
				"${TARGET_BUILD_DIR}/${FRAMEWORKS_FOLDER_PATH}/TwitterCore.framework",
				"${TARGET_BUILD_DIR}/${FRAMEWORKS_FOLDER_PATH}/TwitterKit.framework",
			);
			runOnlyForDeploymentPostprocessing = 0;
			shellPath = /bin/sh;
			shellScript = "\"${PODS_ROOT}/Target Support Files/Pods-Smashtag/Pods-Smashtag-frameworks.sh\"\n";
			showEnvVarsInLog = 0;
		};
		7A83BF0AD93D22D7A16E8CFD /* [CP] Copy Pods Resources */ = {
			isa = PBXShellScriptBuildPhase;
			buildActionMask = 2147483647;
			files = (
			);
			inputFileListPaths = (
			);
			inputPaths = (
				"${PODS_ROOT}/Target Support Files/Pods-Smashtag/Pods-Smashtag-resources.sh",
				"${PODS_ROOT}/TwitterKit/iOS/TwitterKit.framework/TwitterKitResources.bundle",
			);
			name = "[CP] Copy Pods Resources";
			outputFileListPaths = (
			);
			outputPaths = (
				"${TARGET_BUILD_DIR}/${UNLOCALIZED_RESOURCES_FOLDER_PATH}/TwitterKitResources.bundle",
			);
			runOnlyForDeploymentPostprocessing = 0;
			shellPath = /bin/sh;
			shellScript = "\"${PODS_ROOT}/Target Support Files/Pods-Smashtag/Pods-Smashtag-resources.sh\"\n";
			showEnvVarsInLog = 0;
		};
		D684F80B228F6D916E60D45C /* [CP] Check Pods Manifest.lock */ = {
			isa = PBXShellScriptBuildPhase;
			buildActionMask = 2147483647;
			files = (
			);
			inputFileListPaths = (
			);
			inputPaths = (
				"${PODS_PODFILE_DIR_PATH}/Podfile.lock",
				"${PODS_ROOT}/Manifest.lock",
			);
			name = "[CP] Check Pods Manifest.lock";
			outputFileListPaths = (
			);
			outputPaths = (
				"$(DERIVED_FILE_DIR)/Pods-Smashtag-checkManifestLockResult.txt",
			);
			runOnlyForDeploymentPostprocessing = 0;
			shellPath = /bin/sh;
			shellScript = "diff \"${PODS_PODFILE_DIR_PATH}/Podfile.lock\" \"${PODS_ROOT}/Manifest.lock\" > /dev/null\nif [ $? != 0 ] ; then\n    # print error to STDERR\n    echo \"error: The sandbox is not in sync with the Podfile.lock. Run 'pod install' or update your CocoaPods installation.\" >&2\n    exit 1\nfi\n# This output is used by Xcode 'outputs' to avoid re-running this script phase.\necho \"SUCCESS\" > \"${SCRIPT_OUTPUT_FILE_0}\"\n";
			showEnvVarsInLog = 0;
		};
/* End PBXShellScriptBuildPhase section */

/* Begin PBXSourcesBuildPhase section */
		EB7A3599229978C1004FEC0E /* Sources */ = {
			isa = PBXSourcesBuildPhase;
			buildActionMask = 2147483647;
			files = (
				EB7A35B42299794B004FEC0E /* TweetTableViewController.swift in Sources */,
				EB7A35A1229978C1004FEC0E /* AppDelegate.swift in Sources */,
				EB7A35CA229A28A2004FEC0E /* TweetTableViewCell.swift in Sources */,
			);
			runOnlyForDeploymentPostprocessing = 0;
		};
/* End PBXSourcesBuildPhase section */

/* Begin PBXVariantGroup section */
		EB7A35A4229978C1004FEC0E /* Main.storyboard */ = {
			isa = PBXVariantGroup;
			children = (
				EB7A35A5229978C1004FEC0E /* Base */,
			);
			name = Main.storyboard;
			sourceTree = "<group>";
		};
		EB7A35A9229978C3004FEC0E /* LaunchScreen.storyboard */ = {
			isa = PBXVariantGroup;
			children = (
				EB7A35AA229978C3004FEC0E /* Base */,
			);
			name = LaunchScreen.storyboard;
			sourceTree = "<group>";
		};
/* End PBXVariantGroup section */

/* Begin XCBuildConfiguration section */
		EB7A35AD229978C3004FEC0E /* Debug */ = {
			isa = XCBuildConfiguration;
			buildSettings = {
				ALWAYS_SEARCH_USER_PATHS = NO;
				CLANG_ANALYZER_NONNULL = YES;
				CLANG_ANALYZER_NUMBER_OBJECT_CONVERSION = YES_AGGRESSIVE;
				CLANG_CXX_LANGUAGE_STANDARD = "gnu++14";
				CLANG_CXX_LIBRARY = "libc++";
				CLANG_ENABLE_MODULES = YES;
				CLANG_ENABLE_OBJC_ARC = YES;
				CLANG_ENABLE_OBJC_WEAK = YES;
				CLANG_WARN_BLOCK_CAPTURE_AUTORELEASING = YES;
				CLANG_WARN_BOOL_CONVERSION = YES;
				CLANG_WARN_COMMA = YES;
				CLANG_WARN_CONSTANT_CONVERSION = YES;
				CLANG_WARN_DEPRECATED_OBJC_IMPLEMENTATIONS = YES;
				CLANG_WARN_DIRECT_OBJC_ISA_USAGE = YES_ERROR;
				CLANG_WARN_DOCUMENTATION_COMMENTS = YES;
				CLANG_WARN_EMPTY_BODY = YES;
				CLANG_WARN_ENUM_CONVERSION = YES;
				CLANG_WARN_INFINITE_RECURSION = YES;
				CLANG_WARN_INT_CONVERSION = YES;
				CLANG_WARN_NON_LITERAL_NULL_CONVERSION = YES;
				CLANG_WARN_OBJC_IMPLICIT_RETAIN_SELF = YES;
				CLANG_WARN_OBJC_LITERAL_CONVERSION = YES;
				CLANG_WARN_OBJC_ROOT_CLASS = YES_ERROR;
				CLANG_WARN_RANGE_LOOP_ANALYSIS = YES;
				CLANG_WARN_STRICT_PROTOTYPES = YES;
				CLANG_WARN_SUSPICIOUS_MOVE = YES;
				CLANG_WARN_UNGUARDED_AVAILABILITY = YES_AGGRESSIVE;
				CLANG_WARN_UNREACHABLE_CODE = YES;
				CLANG_WARN__DUPLICATE_METHOD_MATCH = YES;
				CODE_SIGN_IDENTITY = "iPhone Developer";
				COPY_PHASE_STRIP = NO;
				DEBUG_INFORMATION_FORMAT = dwarf;
				ENABLE_STRICT_OBJC_MSGSEND = YES;
				ENABLE_TESTABILITY = YES;
				GCC_C_LANGUAGE_STANDARD = gnu11;
				GCC_DYNAMIC_NO_PIC = NO;
				GCC_NO_COMMON_BLOCKS = YES;
				GCC_OPTIMIZATION_LEVEL = 0;
				GCC_PREPROCESSOR_DEFINITIONS = (
					"DEBUG=1",
					"$(inherited)",
				);
				GCC_WARN_64_TO_32_BIT_CONVERSION = YES;
				GCC_WARN_ABOUT_RETURN_TYPE = YES_ERROR;
				GCC_WARN_UNDECLARED_SELECTOR = YES;
				GCC_WARN_UNINITIALIZED_AUTOS = YES_AGGRESSIVE;
				GCC_WARN_UNUSED_FUNCTION = YES;
				GCC_WARN_UNUSED_VARIABLE = YES;
				IPHONEOS_DEPLOYMENT_TARGET = 12.2;
				MTL_ENABLE_DEBUG_INFO = INCLUDE_SOURCE;
				MTL_FAST_MATH = YES;
				ONLY_ACTIVE_ARCH = YES;
				SDKROOT = iphoneos;
				SWIFT_ACTIVE_COMPILATION_CONDITIONS = DEBUG;
				SWIFT_OPTIMIZATION_LEVEL = "-Onone";
			};
			name = Debug;
		};
		EB7A35AE229978C3004FEC0E /* Release */ = {
			isa = XCBuildConfiguration;
			buildSettings = {
				ALWAYS_SEARCH_USER_PATHS = NO;
				CLANG_ANALYZER_NONNULL = YES;
				CLANG_ANALYZER_NUMBER_OBJECT_CONVERSION = YES_AGGRESSIVE;
				CLANG_CXX_LANGUAGE_STANDARD = "gnu++14";
				CLANG_CXX_LIBRARY = "libc++";
				CLANG_ENABLE_MODULES = YES;
				CLANG_ENABLE_OBJC_ARC = YES;
				CLANG_ENABLE_OBJC_WEAK = YES;
				CLANG_WARN_BLOCK_CAPTURE_AUTORELEASING = YES;
				CLANG_WARN_BOOL_CONVERSION = YES;
				CLANG_WARN_COMMA = YES;
				CLANG_WARN_CONSTANT_CONVERSION = YES;
				CLANG_WARN_DEPRECATED_OBJC_IMPLEMENTATIONS = YES;
				CLANG_WARN_DIRECT_OBJC_ISA_USAGE = YES_ERROR;
				CLANG_WARN_DOCUMENTATION_COMMENTS = YES;
				CLANG_WARN_EMPTY_BODY = YES;
				CLANG_WARN_ENUM_CONVERSION = YES;
				CLANG_WARN_INFINITE_RECURSION = YES;
				CLANG_WARN_INT_CONVERSION = YES;
				CLANG_WARN_NON_LITERAL_NULL_CONVERSION = YES;
				CLANG_WARN_OBJC_IMPLICIT_RETAIN_SELF = YES;
				CLANG_WARN_OBJC_LITERAL_CONVERSION = YES;
				CLANG_WARN_OBJC_ROOT_CLASS = YES_ERROR;
				CLANG_WARN_RANGE_LOOP_ANALYSIS = YES;
				CLANG_WARN_STRICT_PROTOTYPES = YES;
				CLANG_WARN_SUSPICIOUS_MOVE = YES;
				CLANG_WARN_UNGUARDED_AVAILABILITY = YES_AGGRESSIVE;
				CLANG_WARN_UNREACHABLE_CODE = YES;
				CLANG_WARN__DUPLICATE_METHOD_MATCH = YES;
				CODE_SIGN_IDENTITY = "iPhone Developer";
				COPY_PHASE_STRIP = NO;
				DEBUG_INFORMATION_FORMAT = "dwarf-with-dsym";
				ENABLE_NS_ASSERTIONS = NO;
				ENABLE_STRICT_OBJC_MSGSEND = YES;
				GCC_C_LANGUAGE_STANDARD = gnu11;
				GCC_NO_COMMON_BLOCKS = YES;
				GCC_WARN_64_TO_32_BIT_CONVERSION = YES;
				GCC_WARN_ABOUT_RETURN_TYPE = YES_ERROR;
				GCC_WARN_UNDECLARED_SELECTOR = YES;
				GCC_WARN_UNINITIALIZED_AUTOS = YES_AGGRESSIVE;
				GCC_WARN_UNUSED_FUNCTION = YES;
				GCC_WARN_UNUSED_VARIABLE = YES;
				IPHONEOS_DEPLOYMENT_TARGET = 12.2;
				MTL_ENABLE_DEBUG_INFO = NO;
				MTL_FAST_MATH = YES;
				SDKROOT = iphoneos;
				SWIFT_COMPILATION_MODE = wholemodule;
				SWIFT_OPTIMIZATION_LEVEL = "-O";
				VALIDATE_PRODUCT = YES;
			};
			name = Release;
		};
		EB7A35B0229978C3004FEC0E /* Debug */ = {
			isa = XCBuildConfiguration;
			baseConfigurationReference = A213B20ECFC46838EF4E131C /* Pods-Smashtag.debug.xcconfig */;
			buildSettings = {
				ASSETCATALOG_COMPILER_APPICON_NAME = AppIcon;
				CODE_SIGN_STYLE = Automatic;
				DEVELOPMENT_TEAM = HHEVQK4H5T;
				INFOPLIST_FILE = Smashtag/Info.plist;
				LD_RUNPATH_SEARCH_PATHS = (
					"$(inherited)",
					"@executable_path/Frameworks",
				);
				PRODUCT_BUNDLE_IDENTIFIER = cc.mikezhang.Smashtag;
				PRODUCT_NAME = "$(TARGET_NAME)";
				SWIFT_VERSION = 5.0;
				TARGETED_DEVICE_FAMILY = 1;
			};
			name = Debug;
		};
		EB7A35B1229978C3004FEC0E /* Release */ = {
			isa = XCBuildConfiguration;
			baseConfigurationReference = 6DB00B75D3517432C6D8E137 /* Pods-Smashtag.release.xcconfig */;
			buildSettings = {
				ASSETCATALOG_COMPILER_APPICON_NAME = AppIcon;
				CODE_SIGN_STYLE = Automatic;
				DEVELOPMENT_TEAM = HHEVQK4H5T;
				INFOPLIST_FILE = Smashtag/Info.plist;
				LD_RUNPATH_SEARCH_PATHS = (
					"$(inherited)",
					"@executable_path/Frameworks",
				);
				PRODUCT_BUNDLE_IDENTIFIER = cc.mikezhang.Smashtag;
				PRODUCT_NAME = "$(TARGET_NAME)";
				SWIFT_VERSION = 5.0;
				TARGETED_DEVICE_FAMILY = 1;
			};
			name = Release;
		};
/* End XCBuildConfiguration section */

/* Begin XCConfigurationList section */
		EB7A3598229978C1004FEC0E /* Build configuration list for PBXProject "Smashtag" */ = {
			isa = XCConfigurationList;
			buildConfigurations = (
				EB7A35AD229978C3004FEC0E /* Debug */,
				EB7A35AE229978C3004FEC0E /* Release */,
			);
			defaultConfigurationIsVisible = 0;
			defaultConfigurationName = Release;
		};
		EB7A35AF229978C3004FEC0E /* Build configuration list for PBXNativeTarget "Smashtag" */ = {
			isa = XCConfigurationList;
			buildConfigurations = (
				EB7A35B0229978C3004FEC0E /* Debug */,
				EB7A35B1229978C3004FEC0E /* Release */,
			);
			defaultConfigurationIsVisible = 0;
			defaultConfigurationName = Release;
		};
/* End XCConfigurationList section */
	};
	rootObject = EB7A3595229978C1004FEC0E /* Project object */;
}
